// !$*UTF8*$!
{
	archiveVersion = 1;
	classes = {
	};
	objectVersion = 56;
	objects = {

/* Begin PBXBuildFile section */
		C9E3EE562C5C86C6006C12B0 /* TestsApp.swift in Sources */ = {isa = PBXBuildFile; fileRef = C9E3EE552C5C86C6006C12B0 /* TestsApp.swift */; };
		C9E3EE582C5C86C6006C12B0 /* ContentView.swift in Sources */ = {isa = PBXBuildFile; fileRef = C9E3EE572C5C86C6006C12B0 /* ContentView.swift */; };
		C9E3EE5A2C5C86C6006C12B0 /* Item.swift in Sources */ = {isa = PBXBuildFile; fileRef = C9E3EE592C5C86C6006C12B0 /* Item.swift */; };
		C9E3EE5C2C5C86C7006C12B0 /* Assets.xcassets in Resources */ = {isa = PBXBuildFile; fileRef = C9E3EE5B2C5C86C7006C12B0 /* Assets.xcassets */; };
		C9E3EE5F2C5C86C7006C12B0 /* Preview Assets.xcassets in Resources */ = {isa = PBXBuildFile; fileRef = C9E3EE5E2C5C86C7006C12B0 /* Preview Assets.xcassets */; };
		C9E3EE6A2C5C86C7006C12B0 /* TestsTests.swift in Sources */ = {isa = PBXBuildFile; fileRef = C9E3EE692C5C86C7006C12B0 /* TestsTests.swift */; };
		C9E3EE742C5C86C7006C12B0 /* TestsUITests.swift in Sources */ = {isa = PBXBuildFile; fileRef = C9E3EE732C5C86C7006C12B0 /* TestsUITests.swift */; };
		C9E3EE762C5C86C7006C12B0 /* TestsUITestsLaunchTests.swift in Sources */ = {isa = PBXBuildFile; fileRef = C9E3EE752C5C86C7006C12B0 /* TestsUITestsLaunchTests.swift */; };
/* End PBXBuildFile section */

/* Begin PBXContainerItemProxy section */
		C9E3EE662C5C86C7006C12B0 /* PBXContainerItemProxy */ = {
			isa = PBXContainerItemProxy;
			containerPortal = C9E3EE4A2C5C86C5006C12B0 /* Project object */;
			proxyType = 1;
			remoteGlobalIDString = C9E3EE512C5C86C6006C12B0;
			remoteInfo = Tests;
		};
		C9E3EE702C5C86C7006C12B0 /* PBXContainerItemProxy */ = {
			isa = PBXContainerItemProxy;
			containerPortal = C9E3EE4A2C5C86C5006C12B0 /* Project object */;
			proxyType = 1;
			remoteGlobalIDString = C9E3EE512C5C86C6006C12B0;
			remoteInfo = Tests;
		};
/* End PBXContainerItemProxy section */

/* Begin PBXFileReference section */
		C9E3EE522C5C86C6006C12B0 /* Tests.app */ = {isa = PBXFileReference; explicitFileType = wrapper.application; includeInIndex = 0; path = Tests.app; sourceTree = BUILT_PRODUCTS_DIR; };
		C9E3EE552C5C86C6006C12B0 /* TestsApp.swift */ = {isa = PBXFileReference; lastKnownFileType = sourcecode.swift; path = TestsApp.swift; sourceTree = "<group>"; };
		C9E3EE572C5C86C6006C12B0 /* ContentView.swift */ = {isa = PBXFileReference; lastKnownFileType = sourcecode.swift; path = ContentView.swift; sourceTree = "<group>"; };
		C9E3EE592C5C86C6006C12B0 /* Item.swift */ = {isa = PBXFileReference; lastKnownFileType = sourcecode.swift; path = Item.swift; sourceTree = "<group>"; };
		C9E3EE5B2C5C86C7006C12B0 /* Assets.xcassets */ = {isa = PBXFileReference; lastKnownFileType = folder.assetcatalog; path = Assets.xcassets; sourceTree = "<group>"; };
		C9E3EE5E2C5C86C7006C12B0 /* Preview Assets.xcassets */ = {isa = PBXFileReference; lastKnownFileType = folder.assetcatalog; path = "Preview Assets.xcassets"; sourceTree = "<group>"; };
		C9E3EE602C5C86C7006C12B0 /* Tests.entitlements */ = {isa = PBXFileReference; lastKnownFileType = text.plist.entitlements; path = Tests.entitlements; sourceTree = "<group>"; };
		C9E3EE652C5C86C7006C12B0 /* TestsTests.xctest */ = {isa = PBXFileReference; explicitFileType = wrapper.cfbundle; includeInIndex = 0; path = TestsTests.xctest; sourceTree = BUILT_PRODUCTS_DIR; };
		C9E3EE692C5C86C7006C12B0 /* TestsTests.swift */ = {isa = PBXFileReference; lastKnownFileType = sourcecode.swift; path = TestsTests.swift; sourceTree = "<group>"; };
		C9E3EE6F2C5C86C7006C12B0 /* TestsUITests.xctest */ = {isa = PBXFileReference; explicitFileType = wrapper.cfbundle; includeInIndex = 0; path = TestsUITests.xctest; sourceTree = BUILT_PRODUCTS_DIR; };
		C9E3EE732C5C86C7006C12B0 /* TestsUITests.swift */ = {isa = PBXFileReference; lastKnownFileType = sourcecode.swift; path = TestsUITests.swift; sourceTree = "<group>"; };
		C9E3EE752C5C86C7006C12B0 /* TestsUITestsLaunchTests.swift */ = {isa = PBXFileReference; lastKnownFileType = sourcecode.swift; path = TestsUITestsLaunchTests.swift; sourceTree = "<group>"; };
/* End PBXFileReference section */

/* Begin PBXFrameworksBuildPhase section */
		C9E3EE4F2C5C86C6006C12B0 /* Frameworks */ = {
			isa = PBXFrameworksBuildPhase;
			buildActionMask = 2147483647;
			files = (
			);
			runOnlyForDeploymentPostprocessing = 0;
		};
		C9E3EE622C5C86C7006C12B0 /* Frameworks */ = {
			isa = PBXFrameworksBuildPhase;
			buildActionMask = 2147483647;
			files = (
			);
			runOnlyForDeploymentPostprocessing = 0;
		};
		C9E3EE6C2C5C86C7006C12B0 /* Frameworks */ = {
			isa = PBXFrameworksBuildPhase;
			buildActionMask = 2147483647;
			files = (
			);
			runOnlyForDeploymentPostprocessing = 0;
		};
/* End PBXFrameworksBuildPhase section */

/* Begin PBXGroup section */
		C9E3EE492C5C86C5006C12B0 = {
			isa = PBXGroup;
			children = (
				C9E3EE542C5C86C6006C12B0 /* Tests */,
				C9E3EE682C5C86C7006C12B0 /* TestsTests */,
				C9E3EE722C5C86C7006C12B0 /* TestsUITests */,
				C9E3EE532C5C86C6006C12B0 /* Products */,
			);
			sourceTree = "<group>";
		};
		C9E3EE532C5C86C6006C12B0 /* Products */ = {
			isa = PBXGroup;
			children = (
				C9E3EE522C5C86C6006C12B0 /* Tests.app */,
				C9E3EE652C5C86C7006C12B0 /* TestsTests.xctest */,
				C9E3EE6F2C5C86C7006C12B0 /* TestsUITests.xctest */,
			);
			name = Products;
			sourceTree = "<group>";
		};
		C9E3EE542C5C86C6006C12B0 /* Tests */ = {
			isa = PBXGroup;
			children = (
				C9E3EE552C5C86C6006C12B0 /* TestsApp.swift */,
				C9E3EE572C5C86C6006C12B0 /* ContentView.swift */,
				C9E3EE592C5C86C6006C12B0 /* Item.swift */,
				C9E3EE5B2C5C86C7006C12B0 /* Assets.xcassets */,
				C9E3EE602C5C86C7006C12B0 /* Tests.entitlements */,
				C9E3EE5D2C5C86C7006C12B0 /* Preview Content */,
			);
			path = Tests;
			sourceTree = "<group>";
		};
		C9E3EE5D2C5C86C7006C12B0 /* Preview Content */ = {
			isa = PBXGroup;
			children = (
				C9E3EE5E2C5C86C7006C12B0 /* Preview Assets.xcassets */,
			);
			path = "Preview Content";
			sourceTree = "<group>";
		};
		C9E3EE682C5C86C7006C12B0 /* TestsTests */ = {
			isa = PBXGroup;
			children = (
				C9E3EE692C5C86C7006C12B0 /* TestsTests.swift */,
			);
			path = TestsTests;
			sourceTree = "<group>";
		};
		C9E3EE722C5C86C7006C12B0 /* TestsUITests */ = {
			isa = PBXGroup;
			children = (
				C9E3EE732C5C86C7006C12B0 /* TestsUITests.swift */,
				C9E3EE752C5C86C7006C12B0 /* TestsUITestsLaunchTests.swift */,
			);
			path = TestsUITests;
			sourceTree = "<group>";
		};
/* End PBXGroup section */

/* Begin PBXNativeTarget section */
		C9E3EE512C5C86C6006C12B0 /* Tests */ = {
			isa = PBXNativeTarget;
			buildConfigurationList = C9E3EE792C5C86C7006C12B0 /* Build configuration list for PBXNativeTarget "Tests" */;
			buildPhases = (
				C9E3EE4E2C5C86C6006C12B0 /* Sources */,
				C9E3EE4F2C5C86C6006C12B0 /* Frameworks */,
				C9E3EE502C5C86C6006C12B0 /* Resources */,
			);
			buildRules = (
			);
			dependencies = (
			);
			name = Tests;
			productName = Tests;
			productReference = C9E3EE522C5C86C6006C12B0 /* Tests.app */;
			productType = "com.apple.product-type.application";
		};
		C9E3EE642C5C86C7006C12B0 /* TestsTests */ = {
			isa = PBXNativeTarget;
			buildConfigurationList = C9E3EE7C2C5C86C7006C12B0 /* Build configuration list for PBXNativeTarget "TestsTests" */;
			buildPhases = (
				C9E3EE612C5C86C7006C12B0 /* Sources */,
				C9E3EE622C5C86C7006C12B0 /* Frameworks */,
				C9E3EE632C5C86C7006C12B0 /* Resources */,
			);
			buildRules = (
			);
			dependencies = (
				C9E3EE672C5C86C7006C12B0 /* PBXTargetDependency */,
			);
			name = TestsTests;
			productName = TestsTests;
			productReference = C9E3EE652C5C86C7006C12B0 /* TestsTests.xctest */;
			productType = "com.apple.product-type.bundle.unit-test";
		};
		C9E3EE6E2C5C86C7006C12B0 /* TestsUITests */ = {
			isa = PBXNativeTarget;
			buildConfigurationList = C9E3EE7F2C5C86C7006C12B0 /* Build configuration list for PBXNativeTarget "TestsUITests" */;
			buildPhases = (
				C9E3EE6B2C5C86C7006C12B0 /* Sources */,
				C9E3EE6C2C5C86C7006C12B0 /* Frameworks */,
				C9E3EE6D2C5C86C7006C12B0 /* Resources */,
			);
			buildRules = (
			);
			dependencies = (
				C9E3EE712C5C86C7006C12B0 /* PBXTargetDependency */,
			);
			name = TestsUITests;
			productName = TestsUITests;
			productReference = C9E3EE6F2C5C86C7006C12B0 /* TestsUITests.xctest */;
			productType = "com.apple.product-type.bundle.ui-testing";
		};
/* End PBXNativeTarget section */

/* Begin PBXProject section */
		C9E3EE4A2C5C86C5006C12B0 /* Project object */ = {
			isa = PBXProject;
			attributes = {
				BuildIndependentTargetsInParallel = 1;
				LastSwiftUpdateCheck = 1540;
				LastUpgradeCheck = 1540;
				TargetAttributes = {
					C9E3EE512C5C86C6006C12B0 = {
						CreatedOnToolsVersion = 15.4;
					};
					C9E3EE642C5C86C7006C12B0 = {
						CreatedOnToolsVersion = 15.4;
						TestTargetID = C9E3EE512C5C86C6006C12B0;
					};
					C9E3EE6E2C5C86C7006C12B0 = {
						CreatedOnToolsVersion = 15.4;
						TestTargetID = C9E3EE512C5C86C6006C12B0;
					};
				};
			};
			buildConfigurationList = C9E3EE4D2C5C86C5006C12B0 /* Build configuration list for PBXProject "Tests" */;
			compatibilityVersion = "Xcode 14.0";
			developmentRegion = en;
			hasScannedForEncodings = 0;
			knownRegions = (
				en,
				Base,
			);
			mainGroup = C9E3EE492C5C86C5006C12B0;
			productRefGroup = C9E3EE532C5C86C6006C12B0 /* Products */;
			projectDirPath = "";
			projectRoot = "";
			targets = (
				C9E3EE512C5C86C6006C12B0 /* Tests */,
				C9E3EE642C5C86C7006C12B0 /* TestsTests */,
				C9E3EE6E2C5C86C7006C12B0 /* TestsUITests */,
			);
		};
/* End PBXProject section */

/* Begin PBXResourcesBuildPhase section */
		C9E3EE502C5C86C6006C12B0 /* Resources */ = {
			isa = PBXResourcesBuildPhase;
			buildActionMask = 2147483647;
			files = (
				C9E3EE5F2C5C86C7006C12B0 /* Preview Assets.xcassets in Resources */,
				C9E3EE5C2C5C86C7006C12B0 /* Assets.xcassets in Resources */,
			);
			runOnlyForDeploymentPostprocessing = 0;
		};
		C9E3EE632C5C86C7006C12B0 /* Resources */ = {
			isa = PBXResourcesBuildPhase;
			buildActionMask = 2147483647;
			files = (
			);
			runOnlyForDeploymentPostprocessing = 0;
		};
		C9E3EE6D2C5C86C7006C12B0 /* Resources */ = {
			isa = PBXResourcesBuildPhase;
			buildActionMask = 2147483647;
			files = (
			);
			runOnlyForDeploymentPostprocessing = 0;
		};
/* End PBXResourcesBuildPhase section */

/* Begin PBXSourcesBuildPhase section */
		C9E3EE4E2C5C86C6006C12B0 /* Sources */ = {
			isa = PBXSourcesBuildPhase;
			buildActionMask = 2147483647;
			files = (
				C9E3EE582C5C86C6006C12B0 /* ContentView.swift in Sources */,
				C9E3EE5A2C5C86C6006C12B0 /* Item.swift in Sources */,
				C9E3EE562C5C86C6006C12B0 /* TestsApp.swift in Sources */,
			);
			runOnlyForDeploymentPostprocessing = 0;
		};
		C9E3EE612C5C86C7006C12B0 /* Sources */ = {
			isa = PBXSourcesBuildPhase;
			buildActionMask = 2147483647;
			files = (
				C9E3EE6A2C5C86C7006C12B0 /* TestsTests.swift in Sources */,
			);
			runOnlyForDeploymentPostprocessing = 0;
		};
		C9E3EE6B2C5C86C7006C12B0 /* Sources */ = {
			isa = PBXSourcesBuildPhase;
			buildActionMask = 2147483647;
			files = (
				C9E3EE762C5C86C7006C12B0 /* TestsUITestsLaunchTests.swift in Sources */,
				C9E3EE742C5C86C7006C12B0 /* TestsUITests.swift in Sources */,
			);
			runOnlyForDeploymentPostprocessing = 0;
		};
/* End PBXSourcesBuildPhase section */

/* Begin PBXTargetDependency section */
		C9E3EE672C5C86C7006C12B0 /* PBXTargetDependency */ = {
			isa = PBXTargetDependency;
			target = C9E3EE512C5C86C6006C12B0 /* Tests */;
			targetProxy = C9E3EE662C5C86C7006C12B0 /* PBXContainerItemProxy */;
		};
		C9E3EE712C5C86C7006C12B0 /* PBXTargetDependency */ = {
			isa = PBXTargetDependency;
			target = C9E3EE512C5C86C6006C12B0 /* Tests */;
			targetProxy = C9E3EE702C5C86C7006C12B0 /* PBXContainerItemProxy */;
		};
/* End PBXTargetDependency section */

/* Begin XCBuildConfiguration section */
		C9E3EE772C5C86C7006C12B0 /* Debug */ = {
			isa = XCBuildConfiguration;
			buildSettings = {
				ALWAYS_SEARCH_USER_PATHS = NO;
				ASSETCATALOG_COMPILER_GENERATE_SWIFT_ASSET_SYMBOL_EXTENSIONS = YES;
				CLANG_ANALYZER_NONNULL = YES;
				CLANG_ANALYZER_NUMBER_OBJECT_CONVERSION = YES_AGGRESSIVE;
				CLANG_CXX_LANGUAGE_STANDARD = "gnu++20";
				CLANG_ENABLE_MODULES = YES;
				CLANG_ENABLE_OBJC_ARC = YES;
				CLANG_ENABLE_OBJC_WEAK = YES;
				CLANG_WARN_BLOCK_CAPTURE_AUTORELEASING = YES;
				CLANG_WARN_BOOL_CONVERSION = YES;
				CLANG_WARN_COMMA = YES;
				CLANG_WARN_CONSTANT_CONVERSION = YES;
				CLANG_WARN_DEPRECATED_OBJC_IMPLEMENTATIONS = YES;
				CLANG_WARN_DIRECT_OBJC_ISA_USAGE = YES_ERROR;
				CLANG_WARN_DOCUMENTATION_COMMENTS = YES;
				CLANG_WARN_EMPTY_BODY = YES;
				CLANG_WARN_ENUM_CONVERSION = YES;
				CLANG_WARN_INFINITE_RECURSION = YES;
				CLANG_WARN_INT_CONVERSION = YES;
				CLANG_WARN_NON_LITERAL_NULL_CONVERSION = YES;
				CLANG_WARN_OBJC_IMPLICIT_RETAIN_SELF = YES;
				CLANG_WARN_OBJC_LITERAL_CONVERSION = YES;
				CLANG_WARN_OBJC_ROOT_CLASS = YES_ERROR;
				CLANG_WARN_QUOTED_INCLUDE_IN_FRAMEWORK_HEADER = YES;
				CLANG_WARN_RANGE_LOOP_ANALYSIS = YES;
				CLANG_WARN_STRICT_PROTOTYPES = YES;
				CLANG_WARN_SUSPICIOUS_MOVE = YES;
				CLANG_WARN_UNGUARDED_AVAILABILITY = YES_AGGRESSIVE;
				CLANG_WARN_UNREACHABLE_CODE = YES;
				CLANG_WARN__DUPLICATE_METHOD_MATCH = YES;
				COPY_PHASE_STRIP = NO;
				DEBUG_INFORMATION_FORMAT = dwarf;
				ENABLE_STRICT_OBJC_MSGSEND = YES;
				ENABLE_TESTABILITY = YES;
				ENABLE_USER_SCRIPT_SANDBOXING = YES;
				GCC_C_LANGUAGE_STANDARD = gnu17;
				GCC_DYNAMIC_NO_PIC = NO;
				GCC_NO_COMMON_BLOCKS = YES;
				GCC_OPTIMIZATION_LEVEL = 0;
				GCC_PREPROCESSOR_DEFINITIONS = (
					"DEBUG=1",
					"$(inherited)",
				);
				GCC_WARN_64_TO_32_BIT_CONVERSION = YES;
				GCC_WARN_ABOUT_RETURN_TYPE = YES_ERROR;
				GCC_WARN_UNDECLARED_SELECTOR = YES;
				GCC_WARN_UNINITIALIZED_AUTOS = YES_AGGRESSIVE;
				GCC_WARN_UNUSED_FUNCTION = YES;
				GCC_WARN_UNUSED_VARIABLE = YES;
				LOCALIZATION_PREFERS_STRING_CATALOGS = YES;
				MACOSX_DEPLOYMENT_TARGET = 14.5;
				MTL_ENABLE_DEBUG_INFO = INCLUDE_SOURCE;
				MTL_FAST_MATH = YES;
				ONLY_ACTIVE_ARCH = YES;
				SDKROOT = macosx;
				SWIFT_ACTIVE_COMPILATION_CONDITIONS = "DEBUG $(inherited)";
				SWIFT_OPTIMIZATION_LEVEL = "-Onone";
			};
			name = Debug;
		};
		C9E3EE782C5C86C7006C12B0 /* Release */ = {
			isa = XCBuildConfiguration;
			buildSettings = {
				ALWAYS_SEARCH_USER_PATHS = NO;
				ASSETCATALOG_COMPILER_GENERATE_SWIFT_ASSET_SYMBOL_EXTENSIONS = YES;
				CLANG_ANALYZER_NONNULL = YES;
				CLANG_ANALYZER_NUMBER_OBJECT_CONVERSION = YES_AGGRESSIVE;
				CLANG_CXX_LANGUAGE_STANDARD = "gnu++20";
				CLANG_ENABLE_MODULES = YES;
				CLANG_ENABLE_OBJC_ARC = YES;
				CLANG_ENABLE_OBJC_WEAK = YES;
				CLANG_WARN_BLOCK_CAPTURE_AUTORELEASING = YES;
				CLANG_WARN_BOOL_CONVERSION = YES;
				CLANG_WARN_COMMA = YES;
				CLANG_WARN_CONSTANT_CONVERSION = YES;
				CLANG_WARN_DEPRECATED_OBJC_IMPLEMENTATIONS = YES;
				CLANG_WARN_DIRECT_OBJC_ISA_USAGE = YES_ERROR;
				CLANG_WARN_DOCUMENTATION_COMMENTS = YES;
				CLANG_WARN_EMPTY_BODY = YES;
				CLANG_WARN_ENUM_CONVERSION = YES;
				CLANG_WARN_INFINITE_RECURSION = YES;
				CLANG_WARN_INT_CONVERSION = YES;
				CLANG_WARN_NON_LITERAL_NULL_CONVERSION = YES;
				CLANG_WARN_OBJC_IMPLICIT_RETAIN_SELF = YES;
				CLANG_WARN_OBJC_LITERAL_CONVERSION = YES;
				CLANG_WARN_OBJC_ROOT_CLASS = YES_ERROR;
				CLANG_WARN_QUOTED_INCLUDE_IN_FRAMEWORK_HEADER = YES;
				CLANG_WARN_RANGE_LOOP_ANALYSIS = YES;
				CLANG_WARN_STRICT_PROTOTYPES = YES;
				CLANG_WARN_SUSPICIOUS_MOVE = YES;
				CLANG_WARN_UNGUARDED_AVAILABILITY = YES_AGGRESSIVE;
				CLANG_WARN_UNREACHABLE_CODE = YES;
				CLANG_WARN__DUPLICATE_METHOD_MATCH = YES;
				COPY_PHASE_STRIP = NO;
				DEBUG_INFORMATION_FORMAT = "dwarf-with-dsym";
				ENABLE_NS_ASSERTIONS = NO;
				ENABLE_STRICT_OBJC_MSGSEND = YES;
				ENABLE_USER_SCRIPT_SANDBOXING = YES;
				GCC_C_LANGUAGE_STANDARD = gnu17;
				GCC_NO_COMMON_BLOCKS = YES;
				GCC_WARN_64_TO_32_BIT_CONVERSION = YES;
				GCC_WARN_ABOUT_RETURN_TYPE = YES_ERROR;
				GCC_WARN_UNDECLARED_SELECTOR = YES;
				GCC_WARN_UNINITIALIZED_AUTOS = YES_AGGRESSIVE;
				GCC_WARN_UNUSED_FUNCTION = YES;
				GCC_WARN_UNUSED_VARIABLE = YES;
				LOCALIZATION_PREFERS_STRING_CATALOGS = YES;
				MACOSX_DEPLOYMENT_TARGET = 14.5;
				MTL_ENABLE_DEBUG_INFO = NO;
				MTL_FAST_MATH = YES;
				SDKROOT = macosx;
				SWIFT_COMPILATION_MODE = wholemodule;
			};
			name = Release;
		};
		C9E3EE7A2C5C86C7006C12B0 /* Debug */ = {
			isa = XCBuildConfiguration;
			buildSettings = {
				ASSETCATALOG_COMPILER_APPICON_NAME = AppIcon;
				ASSETCATALOG_COMPILER_GLOBAL_ACCENT_COLOR_NAME = AccentColor;
				CODE_SIGN_ENTITLEMENTS = Tests/Tests.entitlements;
				CODE_SIGN_STYLE = Automatic;
				COMBINE_HIDPI_IMAGES = YES;
				CURRENT_PROJECT_VERSION = 1;
				DEVELOPMENT_ASSET_PATHS = "\"Tests/Preview Content\"";
				ENABLE_PREVIEWS = YES;
				GENERATE_INFOPLIST_FILE = YES;
				INFOPLIST_KEY_NSHumanReadableCopyright = "";
				LD_RUNPATH_SEARCH_PATHS = (
					"$(inherited)",
					"@executable_path/../Frameworks",
				);
				MACOSX_DEPLOYMENT_TARGET = 14.0;
				MARKETING_VERSION = 1.0;
				PRODUCT_BUNDLE_IDENTIFIER = com.megengo.Tests;
				PRODUCT_NAME = "$(TARGET_NAME)";
				SWIFT_EMIT_LOC_STRINGS = YES;
				SWIFT_VERSION = 5.0;
			};
			name = Debug;
		};
		C9E3EE7B2C5C86C7006C12B0 /* Release */ = {
			isa = XCBuildConfiguration;
			buildSettings = {
				ASSETCATALOG_COMPILER_APPICON_NAME = AppIcon;
				ASSETCATALOG_COMPILER_GLOBAL_ACCENT_COLOR_NAME = AccentColor;
				CODE_SIGN_ENTITLEMENTS = Tests/Tests.entitlements;
				CODE_SIGN_STYLE = Automatic;
				COMBINE_HIDPI_IMAGES = YES;
				CURRENT_PROJECT_VERSION = 1;
				DEVELOPMENT_ASSET_PATHS = "\"Tests/Preview Content\"";
				ENABLE_PREVIEWS = YES;
				GENERATE_INFOPLIST_FILE = YES;
				INFOPLIST_KEY_NSHumanReadableCopyright = "";
				LD_RUNPATH_SEARCH_PATHS = (
					"$(inherited)",
					"@executable_path/../Frameworks",
				);
				MACOSX_DEPLOYMENT_TARGET = 14.0;
				MARKETING_VERSION = 1.0;
				PRODUCT_BUNDLE_IDENTIFIER = com.megengo.Tests;
				PRODUCT_NAME = "$(TARGET_NAME)";
				SWIFT_EMIT_LOC_STRINGS = YES;
				SWIFT_VERSION = 5.0;
			};
			name = Release;
		};
		C9E3EE7D2C5C86C7006C12B0 /* Debug */ = {
			isa = XCBuildConfiguration;
			buildSettings = {
				ALWAYS_EMBED_SWIFT_STANDARD_LIBRARIES = YES;
				BUNDLE_LOADER = "$(TEST_HOST)";
				CODE_SIGN_STYLE = Automatic;
				CURRENT_PROJECT_VERSION = 1;
				GENERATE_INFOPLIST_FILE = YES;
				MACOSX_DEPLOYMENT_TARGET = 14.0;
				MARKETING_VERSION = 1.0;
				PRODUCT_BUNDLE_IDENTIFIER = com.megengo.TestsTests;
				PRODUCT_NAME = "$(TARGET_NAME)";
				SWIFT_EMIT_LOC_STRINGS = NO;
				SWIFT_VERSION = 5.0;
				TEST_HOST = "$(BUILT_PRODUCTS_DIR)/Tests.app/$(BUNDLE_EXECUTABLE_FOLDER_PATH)/Tests";
			};
			name = Debug;
		};
		C9E3EE7E2C5C86C7006C12B0 /* Release */ = {
			isa = XCBuildConfiguration;
			buildSettings = {
				ALWAYS_EMBED_SWIFT_STANDARD_LIBRARIES = YES;
				BUNDLE_LOADER = "$(TEST_HOST)";
				CODE_SIGN_STYLE = Automatic;
				CURRENT_PROJECT_VERSION = 1;
				GENERATE_INFOPLIST_FILE = YES;
				MACOSX_DEPLOYMENT_TARGET = 14.0;
				MARKETING_VERSION = 1.0;
				PRODUCT_BUNDLE_IDENTIFIER = com.megengo.TestsTests;
				PRODUCT_NAME = "$(TARGET_NAME)";
				SWIFT_EMIT_LOC_STRINGS = NO;
				SWIFT_VERSION = 5.0;
				TEST_HOST = "$(BUILT_PRODUCTS_DIR)/Tests.app/$(BUNDLE_EXECUTABLE_FOLDER_PATH)/Tests";
			};
			name = Release;
		};
		C9E3EE802C5C86C7006C12B0 /* Debug */ = {
			isa = XCBuildConfiguration;
			buildSettings = {
				ALWAYS_EMBED_SWIFT_STANDARD_LIBRARIES = YES;
				CODE_SIGN_STYLE = Automatic;
				CURRENT_PROJECT_VERSION = 1;
				GENERATE_INFOPLIST_FILE = YES;
				MARKETING_VERSION = 1.0;
				PRODUCT_BUNDLE_IDENTIFIER = com.megengo.TestsUITests;
				PRODUCT_NAME = "$(TARGET_NAME)";
				SWIFT_EMIT_LOC_STRINGS = NO;
				SWIFT_VERSION = 5.0;
				TEST_TARGET_NAME = Tests;
			};
			name = Debug;
		};
		C9E3EE812C5C86C7006C12B0 /* Release */ = {
			isa = XCBuildConfiguration;
			buildSettings = {
				ALWAYS_EMBED_SWIFT_STANDARD_LIBRARIES = YES;
				CODE_SIGN_STYLE = Automatic;
				CURRENT_PROJECT_VERSION = 1;
				GENERATE_INFOPLIST_FILE = YES;
				MARKETING_VERSION = 1.0;
				PRODUCT_BUNDLE_IDENTIFIER = com.megengo.TestsUITests;
				PRODUCT_NAME = "$(TARGET_NAME)";
				SWIFT_EMIT_LOC_STRINGS = NO;
				SWIFT_VERSION = 5.0;
				TEST_TARGET_NAME = Tests;
			};
			name = Release;
		};
/* End XCBuildConfiguration section */

/* Begin XCConfigurationList section */
		C9E3EE4D2C5C86C5006C12B0 /* Build configuration list for PBXProject "Tests" */ = {
			isa = XCConfigurationList;
			buildConfigurations = (
				C9E3EE772C5C86C7006C12B0 /* Debug */,
				C9E3EE782C5C86C7006C12B0 /* Release */,
			);
			defaultConfigurationIsVisible = 0;
			defaultConfigurationName = Release;
		};
		C9E3EE792C5C86C7006C12B0 /* Build configuration list for PBXNativeTarget "Tests" */ = {
			isa = XCConfigurationList;
			buildConfigurations = (
				C9E3EE7A2C5C86C7006C12B0 /* Debug */,
				C9E3EE7B2C5C86C7006C12B0 /* Release */,
			);
			defaultConfigurationIsVisible = 0;
			defaultConfigurationName = Release;
		};
		C9E3EE7C2C5C86C7006C12B0 /* Build configuration list for PBXNativeTarget "TestsTests" */ = {
			isa = XCConfigurationList;
			buildConfigurations = (
				C9E3EE7D2C5C86C7006C12B0 /* Debug */,
				C9E3EE7E2C5C86C7006C12B0 /* Release */,
			);
			defaultConfigurationIsVisible = 0;
			defaultConfigurationName = Release;
		};
		C9E3EE7F2C5C86C7006C12B0 /* Build configuration list for PBXNativeTarget "TestsUITests" */ = {
			isa = XCConfigurationList;
			buildConfigurations = (
				C9E3EE802C5C86C7006C12B0 /* Debug */,
				C9E3EE812C5C86C7006C12B0 /* Release */,
			);
			defaultConfigurationIsVisible = 0;
			defaultConfigurationName = Release;
		};
/* End XCConfigurationList section */
	};
	rootObject = C9E3EE4A2C5C86C5006C12B0 /* Project object */;
}
